Microsoft Visual Studio Solution File, Format Version 11.00
# Visual Studio 2008

Project("{164A8198-4CCD-13C2-D0D5-21F24535348D}") = "Flight of the Penguin", "Assembly-CSharp-firstpass-vs.csproj", "{081CB151-BEF0-1D34-0DEC-2F3DA6A7A1E1}"
EndProject
Project("{164A8198-4CCD-13C2-D0D5-21F24535348D}") = "Flight of the Penguin", "Assembly-CSharp-vs.csproj", "{4CE4E9EB-1A48-DB06-FD3C-0AFD910210E3}"
EndProject
Project("{164A8198-4CCD-13C2-D0D5-21F24535348D}") = "Flight of the Penguin", "Assembly-CSharp-Editor-vs.csproj", "{7A56B11F-589B-36E5-9E01-ED20B33C23F5}"
EndProject
Global
	GlobalSection(SolutionConfigurationPlatforms) = preSolution
		Debug|Any CPU = Debug|Any CPU
		Release|Any CPU = Release|Any CPU
	EndGlobalSection
	GlobalSection(ProjectConfigurationPlatforms) = postSolution
		{081CB151-BEF0-1D34-0DEC-2F3DA6A7A1E1}.Debug|Any CPU.ActiveCfg = Debug|Any CPU
		{081CB151-BEF0-1D34-0DEC-2F3DA6A7A1E1}.Debug|Any CPU.Build.0 = Debug|Any CPU
		{081CB151-BEF0-1D34-0DEC-2F3DA6A7A1E1}.Release|Any CPU.ActiveCfg = Release|Any CPU
		{081CB151-BEF0-1D34-0DEC-2F3DA6A7A1E1}.Release|Any CPU.Build.0 = Release|Any CPU
		{4CE4E9EB-1A48-DB06-FD3C-0AFD910210E3}.Debug|Any CPU.ActiveCfg = Debug|Any CPU
		{4CE4E9EB-1A48-DB06-FD3C-0AFD910210E3}.Debug|Any CPU.Build.0 = Debug|Any CPU
		{4CE4E9EB-1A48-DB06-FD3C-0AFD910210E3}.Release|Any CPU.ActiveCfg = Release|Any CPU
		{4CE4E9EB-1A48-DB06-FD3C-0AFD910210E3}.Release|Any CPU.Build.0 = Release|Any CPU
		{7A56B11F-589B-36E5-9E01-ED20B33C23F5}.Debug|Any CPU.ActiveCfg = Debug|Any CPU
		{7A56B11F-589B-36E5-9E01-ED20B33C23F5}.Debug|Any CPU.Build.0 = Debug|Any CPU
		{7A56B11F-589B-36E5-9E01-ED20B33C23F5}.Release|Any CPU.ActiveCfg = Release|Any CPU
		{7A56B11F-589B-36E5-9E01-ED20B33C23F5}.Release|Any CPU.Build.0 = Release|Any CPU
	EndGlobalSection
	GlobalSection(SolutionProperties) = preSolution
		HideSolutionNode = FALSE
	EndGlobalSection
																																																																																																																																																																																																						GlobalSection(MonoDevelopProperties) = preSolution
=======
																																																																																															GlobalSection(MonoDevelopProperties) = preSolution
>>>>>>> Stashed changes
=======
																		GlobalSection(MonoDevelopProperties) = preSolution
>>>>>>> 75b14c39898138fb4ea3e9336203af0f2b6e220e
		StartupItem = Assembly-CSharp.csproj
		Policies = $0
		$0.TextStylePolicy = $1
		$1.inheritsSet = null
		$1.scope = text/x-csharp
		$0.CSharpFormattingPolicy = $2
		$2.inheritsSet = Mono
		$2.inheritsScope = text/x-csharp
		$2.scope = text/x-csharp
		$0.TextStylePolicy = $3
		$3.FileWidth = 120
		$3.TabWidth = 4
		$3.IndentWidth = 4
		$3.EolMarker = Unix
		$3.inheritsSet = Mono
		$3.inheritsScope = text/plain
		$3.scope = text/plain
	EndGlobalSection

EndGlobal
